
Microsoft Visual Studio Solution File, Format Version 12.00
# Visual Studio Version 17
VisualStudioVersion = 17.3.32825.248
MinimumVisualStudioVersion = 10.0.40219.1
Project("{9A19103F-16F7-4668-BE54-9A1E7A4F7556}") = "InterviewQuestions", "InterviewQuestions\InterviewQuestions.csproj", "{191FE2DA-8455-4732-AD46-7F157888842A}"
EndProject
Project("{9A19103F-16F7-4668-BE54-9A1E7A4F7556}") = "OneMonthPreperationKit", "OneMonthPreperationKit\OneMonthPreperationKit.csproj", "{B5E7529E-809A-4D6F-BE67-6E6716B64BAB}"
EndProject
Project("{9A19103F-16F7-4668-BE54-9A1E7A4F7556}") = "Problem Solving", "Problem Solving\Problem Solving.csproj", "{CE6F9BA2-CC43-4AF8-BF1C-55FE4EFC6AAA}"
EndProject
Project("{FAE04EC0-301F-11D3-BF4B-00C04F79EFBC}") = "Practice", "Practice\Practice.csproj", "{B7F94AC9-727E-476D-A78E-CC706F32E4FE}"
EndProject
Project("{FAE04EC0-301F-11D3-BF4B-00C04F79EFBC}") = "InterviewPreperationKits", "InterviewPreperationKits\InterviewPreperationKits.csproj", "{835E6AA0-EFC2-426F-BAA9-FA1BFDF54169}"
EndProject
Global
	GlobalSection(SolutionConfigurationPlatforms) = preSolution
		Debug|Any CPU = Debug|Any CPU
		Release|Any CPU = Release|Any CPU
	EndGlobalSection
	GlobalSection(ProjectConfigurationPlatforms) = postSolution
		{191FE2DA-8455-4732-AD46-7F157888842A}.Debug|Any CPU.ActiveCfg = Debug|Any CPU
		{191FE2DA-8455-4732-AD46-7F157888842A}.Debug|Any CPU.Build.0 = Debug|Any CPU
		{191FE2DA-8455-4732-AD46-7F157888842A}.Release|Any CPU.ActiveCfg = Release|Any CPU
		{191FE2DA-8455-4732-AD46-7F157888842A}.Release|Any CPU.Build.0 = Release|Any CPU
		{B5E7529E-809A-4D6F-BE67-6E6716B64BAB}.Debug|Any CPU.ActiveCfg = Debug|Any CPU
		{B5E7529E-809A-4D6F-BE67-6E6716B64BAB}.Debug|Any CPU.Build.0 = Debug|Any CPU
		{B5E7529E-809A-4D6F-BE67-6E6716B64BAB}.Release|Any CPU.ActiveCfg = Release|Any CPU
		{B5E7529E-809A-4D6F-BE67-6E6716B64BAB}.Release|Any CPU.Build.0 = Release|Any CPU
		{CE6F9BA2-CC43-4AF8-BF1C-55FE4EFC6AAA}.Debug|Any CPU.ActiveCfg = Debug|Any CPU
		{CE6F9BA2-CC43-4AF8-BF1C-55FE4EFC6AAA}.Debug|Any CPU.Build.0 = Debug|Any CPU
		{CE6F9BA2-CC43-4AF8-BF1C-55FE4EFC6AAA}.Release|Any CPU.ActiveCfg = Release|Any CPU
		{CE6F9BA2-CC43-4AF8-BF1C-55FE4EFC6AAA}.Release|Any CPU.Build.0 = Release|Any CPU
		{B7F94AC9-727E-476D-A78E-CC706F32E4FE}.Debug|Any CPU.ActiveCfg = Debug|Any CPU
		{B7F94AC9-727E-476D-A78E-CC706F32E4FE}.Debug|Any CPU.Build.0 = Debug|Any CPU
		{B7F94AC9-727E-476D-A78E-CC706F32E4FE}.Release|Any CPU.ActiveCfg = Release|Any CPU
		{B7F94AC9-727E-476D-A78E-CC706F32E4FE}.Release|Any CPU.Build.0 = Release|Any CPU
		{835E6AA0-EFC2-426F-BAA9-FA1BFDF54169}.Debug|Any CPU.ActiveCfg = Debug|Any CPU
		{835E6AA0-EFC2-426F-BAA9-FA1BFDF54169}.Debug|Any CPU.Build.0 = Debug|Any CPU
		{835E6AA0-EFC2-426F-BAA9-FA1BFDF54169}.Release|Any CPU.ActiveCfg = Release|Any CPU
		{835E6AA0-EFC2-426F-BAA9-FA1BFDF54169}.Release|Any CPU.Build.0 = Release|Any CPU
	EndGlobalSection
	GlobalSection(SolutionProperties) = preSolution
		HideSolutionNode = FALSE
	EndGlobalSection
	GlobalSection(ExtensibilityGlobals) = postSolution
		SolutionGuid = {7BB722E0-B4C7-4234-8E43-7C6A06B099FD}
	EndGlobalSection
EndGlobal
